
Microsoft Visual Studio Solution File, Format Version 12.00
# Visual Studio Version 17
VisualStudioVersion = 17.2.32616.157
MinimumVisualStudioVersion = 10.0.40219.1
Project("{2150E333-8FDC-42A3-9474-1A3956D46DE8}") = "1 - Teste Unitario", "1 - Teste Unitario", "{87B50CCB-5A81-4252-9E7A-CEE3A04B9D5F}"
EndProject
Project("{2150E333-8FDC-42A3-9474-1A3956D46DE8}") = "1.1 - Teste Basico", "1.1 - Teste Basico", "{17059129-7EE9-45A0-9321-9164546E6920}"
EndProject
Project("{9A19103F-16F7-4668-BE54-9A1E7A4F7556}") = "Demo", "Demo\Demo.csproj", "{E97BD57B-68E5-40D5-BA08-7A3A94FE1697}"
EndProject
Project("{9A19103F-16F7-4668-BE54-9A1E7A4F7556}") = "Demo.Tests", "Demo.Tests\Demo.Tests.csproj", "{5B0DD86A-C404-4E16-BE89-2EC6CED1ACB7}"
EndProject
Project("{2150E333-8FDC-42A3-9474-1A3956D46DE8}") = "2.2 - Features", "2.2 - Features", "{576330C6-47A2-426F-B551-1553924A8910}"
EndProject
Project("{FAE04EC0-301F-11D3-BF4B-00C04F79EFBC}") = "Features.Tests", "Features.Tests\Features.Tests.csproj", "{82013ED7-C57E-4223-97D3-CF3AC54076C9}"
EndProject
Project("{FAE04EC0-301F-11D3-BF4B-00C04F79EFBC}") = "Features", "Features\Features.csproj", "{7ED929C0-3C5B-4AC7-8333-3018C5945874}"
EndProject
Global
	GlobalSection(SolutionConfigurationPlatforms) = preSolution
		Debug|Any CPU = Debug|Any CPU
		Release|Any CPU = Release|Any CPU
	EndGlobalSection
	GlobalSection(ProjectConfigurationPlatforms) = postSolution
		{E97BD57B-68E5-40D5-BA08-7A3A94FE1697}.Debug|Any CPU.ActiveCfg = Debug|Any CPU
		{E97BD57B-68E5-40D5-BA08-7A3A94FE1697}.Debug|Any CPU.Build.0 = Debug|Any CPU
		{E97BD57B-68E5-40D5-BA08-7A3A94FE1697}.Release|Any CPU.ActiveCfg = Release|Any CPU
		{E97BD57B-68E5-40D5-BA08-7A3A94FE1697}.Release|Any CPU.Build.0 = Release|Any CPU
		{5B0DD86A-C404-4E16-BE89-2EC6CED1ACB7}.Debug|Any CPU.ActiveCfg = Debug|Any CPU
		{5B0DD86A-C404-4E16-BE89-2EC6CED1ACB7}.Debug|Any CPU.Build.0 = Debug|Any CPU
		{5B0DD86A-C404-4E16-BE89-2EC6CED1ACB7}.Release|Any CPU.ActiveCfg = Release|Any CPU
		{5B0DD86A-C404-4E16-BE89-2EC6CED1ACB7}.Release|Any CPU.Build.0 = Release|Any CPU
		{82013ED7-C57E-4223-97D3-CF3AC54076C9}.Debug|Any CPU.ActiveCfg = Debug|Any CPU
		{82013ED7-C57E-4223-97D3-CF3AC54076C9}.Debug|Any CPU.Build.0 = Debug|Any CPU
		{82013ED7-C57E-4223-97D3-CF3AC54076C9}.Release|Any CPU.ActiveCfg = Release|Any CPU
		{82013ED7-C57E-4223-97D3-CF3AC54076C9}.Release|Any CPU.Build.0 = Release|Any CPU
		{7ED929C0-3C5B-4AC7-8333-3018C5945874}.Debug|Any CPU.ActiveCfg = Debug|Any CPU
		{7ED929C0-3C5B-4AC7-8333-3018C5945874}.Debug|Any CPU.Build.0 = Debug|Any CPU
		{7ED929C0-3C5B-4AC7-8333-3018C5945874}.Release|Any CPU.ActiveCfg = Release|Any CPU
		{7ED929C0-3C5B-4AC7-8333-3018C5945874}.Release|Any CPU.Build.0 = Release|Any CPU
	EndGlobalSection
	GlobalSection(SolutionProperties) = preSolution
		HideSolutionNode = FALSE
	EndGlobalSection
	GlobalSection(NestedProjects) = preSolution
		{17059129-7EE9-45A0-9321-9164546E6920} = {87B50CCB-5A81-4252-9E7A-CEE3A04B9D5F}
		{E97BD57B-68E5-40D5-BA08-7A3A94FE1697} = {17059129-7EE9-45A0-9321-9164546E6920}
		{5B0DD86A-C404-4E16-BE89-2EC6CED1ACB7} = {17059129-7EE9-45A0-9321-9164546E6920}
		{576330C6-47A2-426F-B551-1553924A8910} = {87B50CCB-5A81-4252-9E7A-CEE3A04B9D5F}
		{82013ED7-C57E-4223-97D3-CF3AC54076C9} = {576330C6-47A2-426F-B551-1553924A8910}
		{7ED929C0-3C5B-4AC7-8333-3018C5945874} = {576330C6-47A2-426F-B551-1553924A8910}
	EndGlobalSection
	GlobalSection(ExtensibilityGlobals) = postSolution
		SolutionGuid = {4D9630B0-FE95-4984-B32A-6E60FE934E90}
	EndGlobalSection
EndGlobal
