
Microsoft Visual Studio Solution File, Format Version 12.00
# Visual Studio Version 17
VisualStudioVersion = 17.2.32616.157
MinimumVisualStudioVersion = 10.0.40219.1
Project("{2150E333-8FDC-42A3-9474-1A3956D46DE8}") = "1 - Teste Unitario", "1 - Teste Unitario", "{87B50CCB-5A81-4252-9E7A-CEE3A04B9D5F}"
EndProject
Project("{2150E333-8FDC-42A3-9474-1A3956D46DE8}") = "1.1 - Teste Basico", "1.1 - Teste Basico", "{17059129-7EE9-45A0-9321-9164546E6920}"
EndProject
Project("{2150E333-8FDC-42A3-9474-1A3956D46DE8}") = "1 - Fundamentos de Arquitetura de Software", "1 - Fundamentos de Arquitetura de Software", "{7E8C44BC-DEFE-4B11-B3CB-5137319943AF}"
EndProject
Project("{2150E333-8FDC-42A3-9474-1A3956D46DE8}") = "2 - Modelagem de Domínios Ricos", "2 - Modelagem de Domínios Ricos", "{21F9D721-4983-4D1A-93E2-9E7052FCEDE9}"
EndProject
Project("{2150E333-8FDC-42A3-9474-1A3956D46DE8}") = "3 - Dominando os Testes de Software", "3 - Dominando os Testes de Software", "{BF8DB08C-80EA-4FA5-9542-8AAEC28ECD68}"
EndProject
Project("{9A19103F-16F7-4668-BE54-9A1E7A4F7556}") = "Demo", "1_Fundamentos_Arquitetura_Software\Demo\Demo.csproj", "{9B0A5EC3-3689-41EA-8653-B327BDDE4699}"
EndProject
Project("{9A19103F-16F7-4668-BE54-9A1E7A4F7556}") = "Demo.Tests", "1_Fundamentos_Arquitetura_Software\Demo.Tests\Demo.Tests.csproj", "{29EC159F-3B9E-47E1-9D5E-9250FD62C794}"
EndProject
Project("{2150E333-8FDC-42A3-9474-1A3956D46DE8}") = "Services", "Services", "{5CB57B1E-5114-410F-97C4-924FA7F469B1}"
EndProject
Project("{2150E333-8FDC-42A3-9474-1A3956D46DE8}") = "WebApps", "WebApps", "{D51B5C84-1909-4572-B714-1FB8A5746984}"
EndProject
Project("{2150E333-8FDC-42A3-9474-1A3956D46DE8}") = "Cadastros", "Cadastros", "{24C1453D-6DBC-494C-8B55-38FB12DC5B6F}"
EndProject
Project("{2150E333-8FDC-42A3-9474-1A3956D46DE8}") = "Catalogo", "Catalogo", "{2BF1536A-B352-45A7-99BE-B04D87E9588D}"
EndProject
Project("{2150E333-8FDC-42A3-9474-1A3956D46DE8}") = "Core", "Core", "{98141363-1C65-41E8-9A56-6AA93C04B01B}"
EndProject
Project("{2150E333-8FDC-42A3-9474-1A3956D46DE8}") = "Fiscal", "Fiscal", "{57434C7D-59B7-4B9F-A088-26CFD77661BC}"
EndProject
Project("{2150E333-8FDC-42A3-9474-1A3956D46DE8}") = "Pagamentos", "Pagamentos", "{5FBE203A-E72E-4607-A052-05E95D901E1C}"
EndProject
Project("{2150E333-8FDC-42A3-9474-1A3956D46DE8}") = "Vendas", "Vendas", "{3A11F7D8-B27D-46AA-B853-E4E35F2F3E8F}"
EndProject
Project("{FAE04EC0-301F-11D3-BF4B-00C04F79EFBC}") = "NerdStore.Core", "2_Modelagem_Dominios_Ricos\src\NerdStore.Core\NerdStore.Core.csproj", "{68729395-207F-4905-B8A6-A951B1C825A2}"
EndProject
Project("{9A19103F-16F7-4668-BE54-9A1E7A4F7556}") = "NerdStore.Catalogo.Domain", "2_Modelagem_Dominios_Ricos\src\NerdStore.Catalogo.Domain\NerdStore.Catalogo.Domain.csproj", "{F48F68D0-4DCB-4060-A276-60982339E984}"
EndProject
Project("{2150E333-8FDC-42A3-9474-1A3956D46DE8}") = "Tests", "Tests", "{2604F378-B19D-4A4D-9E13-EEFFA1B6843B}"
EndProject
Project("{FAE04EC0-301F-11D3-BF4B-00C04F79EFBC}") = "NerdStore.Catalogo.Domain.Tests", "NerdStore.Catalogo.Domain.Tests\NerdStore.Catalogo.Domain.Tests.csproj", "{5C85DCE6-DADD-4960-ABF3-20B023F62792}"
EndProject
Global
	GlobalSection(SolutionConfigurationPlatforms) = preSolution
		Debug|Any CPU = Debug|Any CPU
		Release|Any CPU = Release|Any CPU
	EndGlobalSection
	GlobalSection(ProjectConfigurationPlatforms) = postSolution
		{9B0A5EC3-3689-41EA-8653-B327BDDE4699}.Debug|Any CPU.ActiveCfg = Debug|Any CPU
		{9B0A5EC3-3689-41EA-8653-B327BDDE4699}.Debug|Any CPU.Build.0 = Debug|Any CPU
		{9B0A5EC3-3689-41EA-8653-B327BDDE4699}.Release|Any CPU.ActiveCfg = Release|Any CPU
		{9B0A5EC3-3689-41EA-8653-B327BDDE4699}.Release|Any CPU.Build.0 = Release|Any CPU
		{29EC159F-3B9E-47E1-9D5E-9250FD62C794}.Debug|Any CPU.ActiveCfg = Debug|Any CPU
		{29EC159F-3B9E-47E1-9D5E-9250FD62C794}.Debug|Any CPU.Build.0 = Debug|Any CPU
		{29EC159F-3B9E-47E1-9D5E-9250FD62C794}.Release|Any CPU.ActiveCfg = Release|Any CPU
		{29EC159F-3B9E-47E1-9D5E-9250FD62C794}.Release|Any CPU.Build.0 = Release|Any CPU
		{68729395-207F-4905-B8A6-A951B1C825A2}.Debug|Any CPU.ActiveCfg = Debug|Any CPU
		{68729395-207F-4905-B8A6-A951B1C825A2}.Debug|Any CPU.Build.0 = Debug|Any CPU
		{68729395-207F-4905-B8A6-A951B1C825A2}.Release|Any CPU.ActiveCfg = Release|Any CPU
		{68729395-207F-4905-B8A6-A951B1C825A2}.Release|Any CPU.Build.0 = Release|Any CPU
		{F48F68D0-4DCB-4060-A276-60982339E984}.Debug|Any CPU.ActiveCfg = Debug|Any CPU
		{F48F68D0-4DCB-4060-A276-60982339E984}.Debug|Any CPU.Build.0 = Debug|Any CPU
		{F48F68D0-4DCB-4060-A276-60982339E984}.Release|Any CPU.ActiveCfg = Release|Any CPU
		{F48F68D0-4DCB-4060-A276-60982339E984}.Release|Any CPU.Build.0 = Release|Any CPU
		{5C85DCE6-DADD-4960-ABF3-20B023F62792}.Debug|Any CPU.ActiveCfg = Debug|Any CPU
		{5C85DCE6-DADD-4960-ABF3-20B023F62792}.Debug|Any CPU.Build.0 = Debug|Any CPU
		{5C85DCE6-DADD-4960-ABF3-20B023F62792}.Release|Any CPU.ActiveCfg = Release|Any CPU
		{5C85DCE6-DADD-4960-ABF3-20B023F62792}.Release|Any CPU.Build.0 = Release|Any CPU
	EndGlobalSection
	GlobalSection(SolutionProperties) = preSolution
		HideSolutionNode = FALSE
	EndGlobalSection
	GlobalSection(NestedProjects) = preSolution
		{87B50CCB-5A81-4252-9E7A-CEE3A04B9D5F} = {7E8C44BC-DEFE-4B11-B3CB-5137319943AF}
		{17059129-7EE9-45A0-9321-9164546E6920} = {87B50CCB-5A81-4252-9E7A-CEE3A04B9D5F}
		{9B0A5EC3-3689-41EA-8653-B327BDDE4699} = {17059129-7EE9-45A0-9321-9164546E6920}
		{29EC159F-3B9E-47E1-9D5E-9250FD62C794} = {17059129-7EE9-45A0-9321-9164546E6920}
		{5CB57B1E-5114-410F-97C4-924FA7F469B1} = {21F9D721-4983-4D1A-93E2-9E7052FCEDE9}
		{D51B5C84-1909-4572-B714-1FB8A5746984} = {21F9D721-4983-4D1A-93E2-9E7052FCEDE9}
		{24C1453D-6DBC-494C-8B55-38FB12DC5B6F} = {5CB57B1E-5114-410F-97C4-924FA7F469B1}
		{2BF1536A-B352-45A7-99BE-B04D87E9588D} = {5CB57B1E-5114-410F-97C4-924FA7F469B1}
		{98141363-1C65-41E8-9A56-6AA93C04B01B} = {5CB57B1E-5114-410F-97C4-924FA7F469B1}
		{57434C7D-59B7-4B9F-A088-26CFD77661BC} = {5CB57B1E-5114-410F-97C4-924FA7F469B1}
		{5FBE203A-E72E-4607-A052-05E95D901E1C} = {5CB57B1E-5114-410F-97C4-924FA7F469B1}
		{3A11F7D8-B27D-46AA-B853-E4E35F2F3E8F} = {5CB57B1E-5114-410F-97C4-924FA7F469B1}
		{68729395-207F-4905-B8A6-A951B1C825A2} = {98141363-1C65-41E8-9A56-6AA93C04B01B}
		{F48F68D0-4DCB-4060-A276-60982339E984} = {2BF1536A-B352-45A7-99BE-B04D87E9588D}
		{2604F378-B19D-4A4D-9E13-EEFFA1B6843B} = {2BF1536A-B352-45A7-99BE-B04D87E9588D}
		{5C85DCE6-DADD-4960-ABF3-20B023F62792} = {2604F378-B19D-4A4D-9E13-EEFFA1B6843B}
	EndGlobalSection
	GlobalSection(ExtensibilityGlobals) = postSolution
		SolutionGuid = {4D9630B0-FE95-4984-B32A-6E60FE934E90}
	EndGlobalSection
EndGlobal
